
Microsoft Visual Studio Solution File, Format Version 12.00
Project("{2150E333-8FDC-42A3-9474-1A3956D46DE8}") = "src", "src", "{58A1F2E9-0F28-4624-AA23-0617BF9C7E49}"
EndProject
Project("{2150E333-8FDC-42A3-9474-1A3956D46DE8}") = "tests", "tests", "{6466AC67-5A2D-4832-B168-2491DA12707A}"
EndProject
Project("{FAE04EC0-301F-11D3-BF4B-00C04F79EFBC}") = "Plutus.Domain", "Plutus.Domain\Plutus.Domain.csproj", "{67DD1A73-57E9-4532-9F28-5701A6A43966}"
EndProject
Project("{FAE04EC0-301F-11D3-BF4B-00C04F79EFBC}") = "Plutus.Infrastructure", "Plutus.Infrastructure\Plutus.Infrastructure.csproj", "{E431CA90-D46F-4F21-B711-597F639B2D9B}"
EndProject
Project("{FAE04EC0-301F-11D3-BF4B-00C04F79EFBC}") = "Plutus.Application", "Plutus.Application\Plutus.Application.csproj", "{1CADF1AD-55E9-4A43-AC21-3A0287E7C34D}"
EndProject
Project("{FAE04EC0-301F-11D3-BF4B-00C04F79EFBC}") = "Plutus.Api", "Plutus.Api\Plutus.Api.csproj", "{2EDC72E1-D9AC-46DB-859B-B207CA72F44B}"
EndProject
Global
	GlobalSection(SolutionConfigurationPlatforms) = preSolution
		Debug|Any CPU = Debug|Any CPU
		Release|Any CPU = Release|Any CPU
	EndGlobalSection
	GlobalSection(NestedProjects) = preSolution
		{67DD1A73-57E9-4532-9F28-5701A6A43966} = {58A1F2E9-0F28-4624-AA23-0617BF9C7E49}
		{E431CA90-D46F-4F21-B711-597F639B2D9B} = {58A1F2E9-0F28-4624-AA23-0617BF9C7E49}
		{1CADF1AD-55E9-4A43-AC21-3A0287E7C34D} = {58A1F2E9-0F28-4624-AA23-0617BF9C7E49}
		{2EDC72E1-D9AC-46DB-859B-B207CA72F44B} = {58A1F2E9-0F28-4624-AA23-0617BF9C7E49}
	EndGlobalSection
	GlobalSection(ProjectConfigurationPlatforms) = postSolution
		{67DD1A73-57E9-4532-9F28-5701A6A43966}.Debug|Any CPU.ActiveCfg = Debug|Any CPU
		{67DD1A73-57E9-4532-9F28-5701A6A43966}.Debug|Any CPU.Build.0 = Debug|Any CPU
		{67DD1A73-57E9-4532-9F28-5701A6A43966}.Release|Any CPU.ActiveCfg = Release|Any CPU
		{67DD1A73-57E9-4532-9F28-5701A6A43966}.Release|Any CPU.Build.0 = Release|Any CPU
		{E431CA90-D46F-4F21-B711-597F639B2D9B}.Debug|Any CPU.ActiveCfg = Debug|Any CPU
		{E431CA90-D46F-4F21-B711-597F639B2D9B}.Debug|Any CPU.Build.0 = Debug|Any CPU
		{E431CA90-D46F-4F21-B711-597F639B2D9B}.Release|Any CPU.ActiveCfg = Release|Any CPU
		{E431CA90-D46F-4F21-B711-597F639B2D9B}.Release|Any CPU.Build.0 = Release|Any CPU
		{1CADF1AD-55E9-4A43-AC21-3A0287E7C34D}.Debug|Any CPU.ActiveCfg = Debug|Any CPU
		{1CADF1AD-55E9-4A43-AC21-3A0287E7C34D}.Debug|Any CPU.Build.0 = Debug|Any CPU
		{1CADF1AD-55E9-4A43-AC21-3A0287E7C34D}.Release|Any CPU.ActiveCfg = Release|Any CPU
		{1CADF1AD-55E9-4A43-AC21-3A0287E7C34D}.Release|Any CPU.Build.0 = Release|Any CPU
		{2EDC72E1-D9AC-46DB-859B-B207CA72F44B}.Debug|Any CPU.ActiveCfg = Debug|Any CPU
		{2EDC72E1-D9AC-46DB-859B-B207CA72F44B}.Debug|Any CPU.Build.0 = Debug|Any CPU
		{2EDC72E1-D9AC-46DB-859B-B207CA72F44B}.Release|Any CPU.ActiveCfg = Release|Any CPU
		{2EDC72E1-D9AC-46DB-859B-B207CA72F44B}.Release|Any CPU.Build.0 = Release|Any CPU
	EndGlobalSection
EndGlobal
